
Microsoft Visual Studio Solution File, Format Version 12.00
# Visual Studio 15
VisualStudioVersion = 15.0.28307.902
MinimumVisualStudioVersion = 10.0.40219.1
Project("{FAE04EC0-301F-11D3-BF4B-00C04F79EFBC}") = "AustriaSkiResorts", "AustriaSkiResorts\AustriaSkiResorts.csproj", "{332790D2-621D-48CF-A3E6-340112C577F4}"
EndProject
Global
	GlobalSection(SolutionConfigurationPlatforms) = preSolution
		Debug|Any CPU = Debug|Any CPU
		Release|Any CPU = Release|Any CPU
	EndGlobalSection
	GlobalSection(ProjectConfigurationPlatforms) = postSolution
		{332790D2-621D-48CF-A3E6-340112C577F4}.Debug|Any CPU.ActiveCfg = Debug|Any CPU
		{332790D2-621D-48CF-A3E6-340112C577F4}.Debug|Any CPU.Build.0 = Debug|Any CPU
		{332790D2-621D-48CF-A3E6-340112C577F4}.Release|Any CPU.ActiveCfg = Release|Any CPU
		{332790D2-621D-48CF-A3E6-340112C577F4}.Release|Any CPU.Build.0 = Release|Any CPU
	EndGlobalSection
	GlobalSection(SolutionProperties) = preSolution
		HideSolutionNode = FALSE
	EndGlobalSection
	GlobalSection(ExtensibilityGlobals) = postSolution
		SolutionGuid = {CF262D2F-4E24-4092-AF23-7DC133789C39}
	EndGlobalSection
EndGlobal
